
Microsoft Visual Studio Solution File, Format Version 12.00
# Visual Studio Version 17
VisualStudioVersion = 17.14.37216.2
MinimumVisualStudioVersion = 10.0.40219.1
Project("{FAE04EC0-301F-11D3-BF4B-00C04F79EFBC}") = "OOTP Lab3", "OOTP Lab3\OOTP Lab3.csproj", "{F455F17D-2C18-4791-B526-C7A0BAE75C36}"
EndProject
Project("{FAE04EC0-301F-11D3-BF4B-00C04F79EFBC}") = "SeniorDeveloperPlugin", "SeniorDeveloperPlugin\SeniorDeveloperPlugin.csproj", "{58337769-9BCD-4640-8937-907E22A60978}"
EndProject
Global
	GlobalSection(SolutionConfigurationPlatforms) = preSolution
		Debug|Any CPU = Debug|Any CPU
		Release|Any CPU = Release|Any CPU
	EndGlobalSection
	GlobalSection(ProjectConfigurationPlatforms) = postSolution
		{F455F17D-2C18-4791-B526-C7A0BAE75C36}.Debug|Any CPU.ActiveCfg = Debug|Any CPU
		{F455F17D-2C18-4791-B526-C7A0BAE75C36}.Debug|Any CPU.Build.0 = Debug|Any CPU
		{F455F17D-2C18-4791-B526-C7A0BAE75C36}.Release|Any CPU.ActiveCfg = Release|Any CPU
		{F455F17D-2C18-4791-B526-C7A0BAE75C36}.Release|Any CPU.Build.0 = Release|Any CPU
		{58337769-9BCD-4640-8937-907E22A60978}.Debug|Any CPU.ActiveCfg = Debug|Any CPU
		{58337769-9BCD-4640-8937-907E22A60978}.Debug|Any CPU.Build.0 = Debug|Any CPU
		{58337769-9BCD-4640-8937-907E22A60978}.Release|Any CPU.ActiveCfg = Release|Any CPU
		{58337769-9BCD-4640-8937-907E22A60978}.Release|Any CPU.Build.0 = Release|Any CPU
	EndGlobalSection
	GlobalSection(SolutionProperties) = preSolution
		HideSolutionNode = FALSE
	EndGlobalSection
	GlobalSection(ExtensibilityGlobals) = postSolution
		SolutionGuid = {55386707-4104-4961-A03D-CD75C92B92DB}
	EndGlobalSection
EndGlobal
