
Microsoft Visual Studio Solution File, Format Version 12.00
# Visual Studio Version 17
VisualStudioVersion = 17.14.37216.2
MinimumVisualStudioVersion = 10.0.40219.1
Project("{FAE04EC0-301F-11D3-BF4B-00C04F79EFBC}") = "OOTP Lab3", "OOTP Lab3\OOTP Lab3.csproj", "{F455F17D-2C18-4791-B526-C7A0BAE75C36}"
EndProject
Project("{FAE04EC0-301F-11D3-BF4B-00C04F79EFBC}") = "SeniorDeveloperPlugin", "SeniorDeveloperPlugin\SeniorDeveloperPlugin.csproj", "{58337769-9BCD-4640-8937-907E22A60978}"
EndProject
Project("{FAE04EC0-301F-11D3-BF4B-00C04F79EFBC}") = "ROT13EncryptionPlugin", "ROT13EncryptionPlugin\ROT13EncryptionPlugin.csproj", "{5A37F876-D5DA-4236-A21A-197BA910C940}"
EndProject
Project("{FAE04EC0-301F-11D3-BF4B-00C04F79EFBC}") = "Base64EncodingPlugin", "Base64EncodingPlugin\Base64EncodingPlugin.csproj", "{5CB7B765-6DBD-43FA-AF53-9CC938221C65}"
EndProject
Project("{FAE04EC0-301F-11D3-BF4B-00C04F79EFBC}") = "XOREncryptionPlugin", "XOREncryptionPlugin\XOREncryptionPlugin.csproj", "{EE44CFD5-04ED-4829-AA7B-53486670CBA1}"
EndProject
Global
	GlobalSection(SolutionConfigurationPlatforms) = preSolution
		Debug|Any CPU = Debug|Any CPU
		Release|Any CPU = Release|Any CPU
	EndGlobalSection
	GlobalSection(ProjectConfigurationPlatforms) = postSolution
		{F455F17D-2C18-4791-B526-C7A0BAE75C36}.Debug|Any CPU.ActiveCfg = Debug|Any CPU
		{F455F17D-2C18-4791-B526-C7A0BAE75C36}.Debug|Any CPU.Build.0 = Debug|Any CPU
		{F455F17D-2C18-4791-B526-C7A0BAE75C36}.Release|Any CPU.ActiveCfg = Release|Any CPU
		{F455F17D-2C18-4791-B526-C7A0BAE75C36}.Release|Any CPU.Build.0 = Release|Any CPU
		{58337769-9BCD-4640-8937-907E22A60978}.Debug|Any CPU.ActiveCfg = Debug|Any CPU
		{58337769-9BCD-4640-8937-907E22A60978}.Debug|Any CPU.Build.0 = Debug|Any CPU
		{58337769-9BCD-4640-8937-907E22A60978}.Release|Any CPU.ActiveCfg = Release|Any CPU
		{58337769-9BCD-4640-8937-907E22A60978}.Release|Any CPU.Build.0 = Release|Any CPU
		{5A37F876-D5DA-4236-A21A-197BA910C940}.Debug|Any CPU.ActiveCfg = Debug|Any CPU
		{5A37F876-D5DA-4236-A21A-197BA910C940}.Debug|Any CPU.Build.0 = Debug|Any CPU
		{5A37F876-D5DA-4236-A21A-197BA910C940}.Release|Any CPU.ActiveCfg = Release|Any CPU
		{5A37F876-D5DA-4236-A21A-197BA910C940}.Release|Any CPU.Build.0 = Release|Any CPU
		{5CB7B765-6DBD-43FA-AF53-9CC938221C65}.Debug|Any CPU.ActiveCfg = Debug|Any CPU
		{5CB7B765-6DBD-43FA-AF53-9CC938221C65}.Debug|Any CPU.Build.0 = Debug|Any CPU
		{5CB7B765-6DBD-43FA-AF53-9CC938221C65}.Release|Any CPU.ActiveCfg = Release|Any CPU
		{5CB7B765-6DBD-43FA-AF53-9CC938221C65}.Release|Any CPU.Build.0 = Release|Any CPU
		{EE44CFD5-04ED-4829-AA7B-53486670CBA1}.Debug|Any CPU.ActiveCfg = Debug|Any CPU
		{EE44CFD5-04ED-4829-AA7B-53486670CBA1}.Debug|Any CPU.Build.0 = Debug|Any CPU
		{EE44CFD5-04ED-4829-AA7B-53486670CBA1}.Release|Any CPU.ActiveCfg = Release|Any CPU
		{EE44CFD5-04ED-4829-AA7B-53486670CBA1}.Release|Any CPU.Build.0 = Release|Any CPU
	EndGlobalSection
	GlobalSection(SolutionProperties) = preSolution
		HideSolutionNode = FALSE
	EndGlobalSection
	GlobalSection(ExtensibilityGlobals) = postSolution
		SolutionGuid = {55386707-4104-4961-A03D-CD75C92B92DB}
	EndGlobalSection
EndGlobal
